
Microsoft Visual Studio Solution File, Format Version 12.00
# Visual Studio Version 17
VisualStudioVersion = 17.4.33110.190
MinimumVisualStudioVersion = 10.0.40219.1
Project("{9A19103F-16F7-4668-BE54-9A1E7A4F7556}") = "CustomWeatherClientTool", "CustomWeatherClientTool\CustomWeatherClientTool.csproj", "{A11B0F2A-2C30-44E3-9426-A0FD1538A524}"
EndProject
Project("{FAE04EC0-301F-11D3-BF4B-00C04F79EFBC}") = "CustomWeatherClientTool.UnitTests", "CustomWeatherClientTool.UnitTests\CustomWeatherClientTool.UnitTests.csproj", "{6A930D2B-ECB4-458B-8C79-9AF7299EEC6D}"
EndProject
Global
	GlobalSection(SolutionConfigurationPlatforms) = preSolution
		Debug|Any CPU = Debug|Any CPU
		Release|Any CPU = Release|Any CPU
	EndGlobalSection
	GlobalSection(ProjectConfigurationPlatforms) = postSolution
		{A11B0F2A-2C30-44E3-9426-A0FD1538A524}.Debug|Any CPU.ActiveCfg = Debug|Any CPU
		{A11B0F2A-2C30-44E3-9426-A0FD1538A524}.Debug|Any CPU.Build.0 = Debug|Any CPU
		{A11B0F2A-2C30-44E3-9426-A0FD1538A524}.Release|Any CPU.ActiveCfg = Release|Any CPU
		{A11B0F2A-2C30-44E3-9426-A0FD1538A524}.Release|Any CPU.Build.0 = Release|Any CPU
		{6A930D2B-ECB4-458B-8C79-9AF7299EEC6D}.Debug|Any CPU.ActiveCfg = Debug|Any CPU
		{6A930D2B-ECB4-458B-8C79-9AF7299EEC6D}.Debug|Any CPU.Build.0 = Debug|Any CPU
		{6A930D2B-ECB4-458B-8C79-9AF7299EEC6D}.Release|Any CPU.ActiveCfg = Release|Any CPU
		{6A930D2B-ECB4-458B-8C79-9AF7299EEC6D}.Release|Any CPU.Build.0 = Release|Any CPU
	EndGlobalSection
	GlobalSection(SolutionProperties) = preSolution
		HideSolutionNode = FALSE
	EndGlobalSection
	GlobalSection(ExtensibilityGlobals) = postSolution
		SolutionGuid = {A4B04AE8-E58F-4F7F-AB1D-332313131FE7}
	EndGlobalSection
EndGlobal
